// !$*UTF8*$!
{
	archiveVersion = 1;
	classes = {
	};
	objectVersion = 46;
	objects = {

/* Begin PBXBuildFile section */
		EFF2692C1F06BFE500C79E39 /* AppDelegate.swift in Sources */ = {isa = PBXBuildFile; fileRef = EFF2692B1F06BFE500C79E39 /* AppDelegate.swift */; };
		EFF2692E1F06BFE500C79E39 /* ViewController.swift in Sources */ = {isa = PBXBuildFile; fileRef = EFF2692D1F06BFE500C79E39 /* ViewController.swift */; };
		EFF269311F06BFE500C79E39 /* Main.storyboard in Resources */ = {isa = PBXBuildFile; fileRef = EFF2692F1F06BFE500C79E39 /* Main.storyboard */; };
		EFF269331F06BFE500C79E39 /* Assets.xcassets in Resources */ = {isa = PBXBuildFile; fileRef = EFF269321F06BFE500C79E39 /* Assets.xcassets */; };
		EFF269361F06BFE500C79E39 /* LaunchScreen.storyboard in Resources */ = {isa = PBXBuildFile; fileRef = EFF269341F06BFE500C79E39 /* LaunchScreen.storyboard */; };
		EFF2693E1F06C06D00C79E39 /* FavoritesList.swift in Sources */ = {isa = PBXBuildFile; fileRef = EFF2693D1F06C06D00C79E39 /* FavoritesList.swift */; };
		EFF269401F06C21700C79E39 /* RootViewController.swift in Sources */ = {isa = PBXBuildFile; fileRef = EFF2693F1F06C21700C79E39 /* RootViewController.swift */; };
		EFF269421F06D06B00C79E39 /* FontListViewController.swift in Sources */ = {isa = PBXBuildFile; fileRef = EFF269411F06D06B00C79E39 /* FontListViewController.swift */; };
		EFF269441F06FF0000C79E39 /* FontSizesViewController.swift in Sources */ = {isa = PBXBuildFile; fileRef = EFF269431F06FF0000C79E39 /* FontSizesViewController.swift */; };
/* End PBXBuildFile section */

/* Begin PBXFileReference section */
		EFF269281F06BFE500C79E39 /* Fonts.app */ = {isa = PBXFileReference; explicitFileType = wrapper.application; includeInIndex = 0; path = Fonts.app; sourceTree = BUILT_PRODUCTS_DIR; };
		EFF2692B1F06BFE500C79E39 /* AppDelegate.swift */ = {isa = PBXFileReference; lastKnownFileType = sourcecode.swift; path = AppDelegate.swift; sourceTree = "<group>"; };
		EFF2692D1F06BFE500C79E39 /* ViewController.swift */ = {isa = PBXFileReference; lastKnownFileType = sourcecode.swift; path = ViewController.swift; sourceTree = "<group>"; };
		EFF269301F06BFE500C79E39 /* Base */ = {isa = PBXFileReference; lastKnownFileType = file.storyboard; name = Base; path = Base.lproj/Main.storyboard; sourceTree = "<group>"; };
		EFF269321F06BFE500C79E39 /* Assets.xcassets */ = {isa = PBXFileReference; lastKnownFileType = folder.assetcatalog; path = Assets.xcassets; sourceTree = "<group>"; };
		EFF269351F06BFE500C79E39 /* Base */ = {isa = PBXFileReference; lastKnownFileType = file.storyboard; name = Base; path = Base.lproj/LaunchScreen.storyboard; sourceTree = "<group>"; };
		EFF269371F06BFE500C79E39 /* Info.plist */ = {isa = PBXFileReference; lastKnownFileType = text.plist.xml; path = Info.plist; sourceTree = "<group>"; };
		EFF2693D1F06C06D00C79E39 /* FavoritesList.swift */ = {isa = PBXFileReference; fileEncoding = 4; lastKnownFileType = sourcecode.swift; path = FavoritesList.swift; sourceTree = "<group>"; };
		EFF2693F1F06C21700C79E39 /* RootViewController.swift */ = {isa = PBXFileReference; fileEncoding = 4; lastKnownFileType = sourcecode.swift; path = RootViewController.swift; sourceTree = "<group>"; };
		EFF269411F06D06B00C79E39 /* FontListViewController.swift */ = {isa = PBXFileReference; fileEncoding = 4; lastKnownFileType = sourcecode.swift; path = FontListViewController.swift; sourceTree = "<group>"; };
		EFF269431F06FF0000C79E39 /* FontSizesViewController.swift */ = {isa = PBXFileReference; fileEncoding = 4; lastKnownFileType = sourcecode.swift; path = FontSizesViewController.swift; sourceTree = "<group>"; };
/* End PBXFileReference section */

/* Begin PBXFrameworksBuildPhase section */
		EFF269251F06BFE500C79E39 /* Frameworks */ = {
			isa = PBXFrameworksBuildPhase;
			buildActionMask = 2147483647;
			files = (
			);
			runOnlyForDeploymentPostprocessing = 0;
		};
/* End PBXFrameworksBuildPhase section */

/* Begin PBXGroup section */
		EFF2691F1F06BFE400C79E39 = {
			isa = PBXGroup;
			children = (
				EFF2692A1F06BFE500C79E39 /* Fonts */,
				EFF269291F06BFE500C79E39 /* Products */,
			);
			sourceTree = "<group>";
		};
		EFF269291F06BFE500C79E39 /* Products */ = {
			isa = PBXGroup;
			children = (
				EFF269281F06BFE500C79E39 /* Fonts.app */,
			);
			name = Products;
			sourceTree = "<group>";
		};
		EFF2692A1F06BFE500C79E39 /* Fonts */ = {
			isa = PBXGroup;
			children = (
				EFF2692B1F06BFE500C79E39 /* AppDelegate.swift */,
				EFF2692D1F06BFE500C79E39 /* ViewController.swift */,
				EFF2692F1F06BFE500C79E39 /* Main.storyboard */,
				EFF269431F06FF0000C79E39 /* FontSizesViewController.swift */,
				EFF2693D1F06C06D00C79E39 /* FavoritesList.swift */,
				EFF2693F1F06C21700C79E39 /* RootViewController.swift */,
				EFF269411F06D06B00C79E39 /* FontListViewController.swift */,
				EFF269321F06BFE500C79E39 /* Assets.xcassets */,
				EFF269341F06BFE500C79E39 /* LaunchScreen.storyboard */,
				EFF269371F06BFE500C79E39 /* Info.plist */,
			);
			path = Fonts;
			sourceTree = "<group>";
		};
/* End PBXGroup section */

/* Begin PBXNativeTarget section */
		EFF269271F06BFE500C79E39 /* Fonts */ = {
			isa = PBXNativeTarget;
			buildConfigurationList = EFF2693A1F06BFE500C79E39 /* Build configuration list for PBXNativeTarget "Fonts" */;
			buildPhases = (
				EFF269241F06BFE500C79E39 /* Sources */,
				EFF269251F06BFE500C79E39 /* Frameworks */,
				EFF269261F06BFE500C79E39 /* Resources */,
			);
			buildRules = (
			);
			dependencies = (
			);
			name = Fonts;
			productName = Fonts;
			productReference = EFF269281F06BFE500C79E39 /* Fonts.app */;
			productType = "com.apple.product-type.application";
		};
/* End PBXNativeTarget section */

/* Begin PBXProject section */
		EFF269201F06BFE400C79E39 /* Project object */ = {
			isa = PBXProject;
			attributes = {
				LastSwiftUpdateCheck = 0830;
				LastUpgradeCheck = 0830;
				ORGANIZATIONNAME = "Sergio A. Balderas";
				TargetAttributes = {
					EFF269271F06BFE500C79E39 = {
						CreatedOnToolsVersion = 8.3.3;
						DevelopmentTeam = RFMQZ2WP3L;
						ProvisioningStyle = Automatic;
					};
				};
			};
			buildConfigurationList = EFF269231F06BFE400C79E39 /* Build configuration list for PBXProject "Fonts" */;
			compatibilityVersion = "Xcode 3.2";
			developmentRegion = English;
			hasScannedForEncodings = 0;
			knownRegions = (
				en,
				Base,
			);
			mainGroup = EFF2691F1F06BFE400C79E39;
			productRefGroup = EFF269291F06BFE500C79E39 /* Products */;
			projectDirPath = "";
			projectRoot = "";
			targets = (
				EFF269271F06BFE500C79E39 /* Fonts */,
			);
		};
/* End PBXProject section */

/* Begin PBXResourcesBuildPhase section */
		EFF269261F06BFE500C79E39 /* Resources */ = {
			isa = PBXResourcesBuildPhase;
			buildActionMask = 2147483647;
			files = (
				EFF269361F06BFE500C79E39 /* LaunchScreen.storyboard in Resources */,
				EFF269331F06BFE500C79E39 /* Assets.xcassets in Resources */,
				EFF269311F06BFE500C79E39 /* Main.storyboard in Resources */,
			);
			runOnlyForDeploymentPostprocessing = 0;
		};
/* End PBXResourcesBuildPhase section */

/* Begin PBXSourcesBuildPhase section */
		EFF269241F06BFE500C79E39 /* Sources */ = {
			isa = PBXSourcesBuildPhase;
			buildActionMask = 2147483647;
			files = (
				EFF2692E1F06BFE500C79E39 /* ViewController.swift in Sources */,
				EFF2692C1F06BFE500C79E39 /* AppDelegate.swift in Sources */,
				EFF269421F06D06B00C79E39 /* FontListViewController.swift in Sources */,
				EFF269401F06C21700C79E39 /* RootViewController.swift in Sources */,
				EFF269441F06FF0000C79E39 /* FontSizesViewController.swift in Sources */,
				EFF2693E1F06C06D00C79E39 /* FavoritesList.swift in Sources */,
			);
			runOnlyForDeploymentPostprocessing = 0;
		};
/* End PBXSourcesBuildPhase section */

/* Begin PBXVariantGroup section */
		EFF2692F1F06BFE500C79E39 /* Main.storyboard */ = {
			isa = PBXVariantGroup;
			children = (
				EFF269301F06BFE500C79E39 /* Base */,
			);
			name = Main.storyboard;
			sourceTree = "<group>";
		};
		EFF269341F06BFE500C79E39 /* LaunchScreen.storyboard */ = {
			isa = PBXVariantGroup;
			children = (
				EFF269351F06BFE500C79E39 /* Base */,
			);
			name = LaunchScreen.storyboard;
			sourceTree = "<group>";
		};
/* End PBXVariantGroup section */

/* Begin XCBuildConfiguration section */
		EFF269381F06BFE500C79E39 /* Debug */ = {
			isa = XCBuildConfiguration;
			buildSettings = {
				ALWAYS_SEARCH_USER_PATHS = NO;
				CLANG_ANALYZER_NONNULL = YES;
				CLANG_ANALYZER_NUMBER_OBJECT_CONVERSION = YES_AGGRESSIVE;
				CLANG_CXX_LANGUAGE_STANDARD = "gnu++0x";
				CLANG_CXX_LIBRARY = "libc++";
				CLANG_ENABLE_MODULES = YES;
				CLANG_ENABLE_OBJC_ARC = YES;
				CLANG_WARN_BOOL_CONVERSION = YES;
				CLANG_WARN_CONSTANT_CONVERSION = YES;
				CLANG_WARN_DIRECT_OBJC_ISA_USAGE = YES_ERROR;
				CLANG_WARN_DOCUMENTATION_COMMENTS = YES;
				CLANG_WARN_EMPTY_BODY = YES;
				CLANG_WARN_ENUM_CONVERSION = YES;
				CLANG_WARN_INFINITE_RECURSION = YES;
				CLANG_WARN_INT_CONVERSION = YES;
				CLANG_WARN_OBJC_ROOT_CLASS = YES_ERROR;
				CLANG_WARN_SUSPICIOUS_MOVE = YES;
				CLANG_WARN_UNREACHABLE_CODE = YES;
				CLANG_WARN__DUPLICATE_METHOD_MATCH = YES;
				"CODE_SIGN_IDENTITY[sdk=iphoneos*]" = "iPhone Developer";
				COPY_PHASE_STRIP = NO;
				DEBUG_INFORMATION_FORMAT = dwarf;
				ENABLE_STRICT_OBJC_MSGSEND = YES;
				ENABLE_TESTABILITY = YES;
				GCC_C_LANGUAGE_STANDARD = gnu99;
				GCC_DYNAMIC_NO_PIC = NO;
				GCC_NO_COMMON_BLOCKS = YES;
				GCC_OPTIMIZATION_LEVEL = 0;
				GCC_PREPROCESSOR_DEFINITIONS = (
					"DEBUG=1",
					"$(inherited)",
				);
				GCC_WARN_64_TO_32_BIT_CONVERSION = YES;
				GCC_WARN_ABOUT_RETURN_TYPE = YES_ERROR;
				GCC_WARN_UNDECLARED_SELECTOR = YES;
				GCC_WARN_UNINITIALIZED_AUTOS = YES_AGGRESSIVE;
				GCC_WARN_UNUSED_FUNCTION = YES;
				GCC_WARN_UNUSED_VARIABLE = YES;
				IPHONEOS_DEPLOYMENT_TARGET = 10.3;
				MTL_ENABLE_DEBUG_INFO = YES;
				ONLY_ACTIVE_ARCH = YES;
				SDKROOT = iphoneos;
				SWIFT_ACTIVE_COMPILATION_CONDITIONS = DEBUG;
				SWIFT_OPTIMIZATION_LEVEL = "-Onone";
				TARGETED_DEVICE_FAMILY = "1,2";
			};
			name = Debug;
		};
		EFF269391F06BFE500C79E39 /* Release */ = {
			isa = XCBuildConfiguration;
			buildSettings = {
				ALWAYS_SEARCH_USER_PATHS = NO;
				CLANG_ANALYZER_NONNULL = YES;
				CLANG_ANALYZER_NUMBER_OBJECT_CONVERSION = YES_AGGRESSIVE;
				CLANG_CXX_LANGUAGE_STANDARD = "gnu++0x";
				CLANG_CXX_LIBRARY = "libc++";
				CLANG_ENABLE_MODULES = YES;
				CLANG_ENABLE_OBJC_ARC = YES;
				CLANG_WARN_BOOL_CONVERSION = YES;
				CLANG_WARN_CONSTANT_CONVERSION = YES;
				CLANG_WARN_DIRECT_OBJC_ISA_USAGE = YES_ERROR;
				CLANG_WARN_DOCUMENTATION_COMMENTS = YES;
				CLANG_WARN_EMPTY_BODY = YES;
				CLANG_WARN_ENUM_CONVERSION = YES;
				CLANG_WARN_INFINITE_RECURSION = YES;
				CLANG_WARN_INT_CONVERSION = YES;
				CLANG_WARN_OBJC_ROOT_CLASS = YES_ERROR;
				CLANG_WARN_SUSPICIOUS_MOVE = YES;
				CLANG_WARN_UNREACHABLE_CODE = YES;
				CLANG_WARN__DUPLICATE_METHOD_MATCH = YES;
				"CODE_SIGN_IDENTITY[sdk=iphoneos*]" = "iPhone Developer";
				COPY_PHASE_STRIP = NO;
				DEBUG_INFORMATION_FORMAT = "dwarf-with-dsym";
				ENABLE_NS_ASSERTIONS = NO;
				ENABLE_STRICT_OBJC_MSGSEND = YES;
				GCC_C_LANGUAGE_STANDARD = gnu99;
				GCC_NO_COMMON_BLOCKS = YES;
				GCC_WARN_64_TO_32_BIT_CONVERSION = YES;
				GCC_WARN_ABOUT_RETURN_TYPE = YES_ERROR;
				GCC_WARN_UNDECLARED_SELECTOR = YES;
				GCC_WARN_UNINITIALIZED_AUTOS = YES_AGGRESSIVE;
				GCC_WARN_UNUSED_FUNCTION = YES;
				GCC_WARN_UNUSED_VARIABLE = YES;
				IPHONEOS_DEPLOYMENT_TARGET = 10.3;
				MTL_ENABLE_DEBUG_INFO = NO;
				SDKROOT = iphoneos;
				SWIFT_OPTIMIZATION_LEVEL = "-Owholemodule";
				TARGETED_DEVICE_FAMILY = "1,2";
				VALIDATE_PRODUCT = YES;
			};
			name = Release;
		};
		EFF2693B1F06BFE500C79E39 /* Debug */ = {
			isa = XCBuildConfiguration;
			buildSettings = {
				ASSETCATALOG_COMPILER_APPICON_NAME = AppIcon;
				DEVELOPMENT_TEAM = RFMQZ2WP3L;
				INFOPLIST_FILE = Fonts/Info.plist;
				LD_RUNPATH_SEARCH_PATHS = "$(inherited) @executable_path/Frameworks";
				PRODUCT_BUNDLE_IDENTIFIER = com.jaque.Fonts;
				PRODUCT_NAME = "$(TARGET_NAME)";
				SWIFT_VERSION = 3.0;
			};
			name = Debug;
		};
		EFF2693C1F06BFE500C79E39 /* Release */ = {
			isa = XCBuildConfiguration;
			buildSettings = {
				ASSETCATALOG_COMPILER_APPICON_NAME = AppIcon;
				DEVELOPMENT_TEAM = RFMQZ2WP3L;
				INFOPLIST_FILE = Fonts/Info.plist;
				LD_RUNPATH_SEARCH_PATHS = "$(inherited) @executable_path/Frameworks";
				PRODUCT_BUNDLE_IDENTIFIER = com.jaque.Fonts;
				PRODUCT_NAME = "$(TARGET_NAME)";
				SWIFT_VERSION = 3.0;
			};
			name = Release;
		};
/* End XCBuildConfiguration section */

/* Begin XCConfigurationList section */
		EFF269231F06BFE400C79E39 /* Build configuration list for PBXProject "Fonts" */ = {
			isa = XCConfigurationList;
			buildConfigurations = (
				EFF269381F06BFE500C79E39 /* Debug */,
				EFF269391F06BFE500C79E39 /* Release */,
			);
			defaultConfigurationIsVisible = 0;
			defaultConfigurationName = Release;
		};
		EFF2693A1F06BFE500C79E39 /* Build configuration list for PBXNativeTarget "Fonts" */ = {
			isa = XCConfigurationList;
			buildConfigurations = (
				EFF2693B1F06BFE500C79E39 /* Debug */,
				EFF2693C1F06BFE500C79E39 /* Release */,
			);
			defaultConfigurationIsVisible = 0;
		};
/* End XCConfigurationList section */
	};
	rootObject = EFF269201F06BFE400C79E39 /* Project object */;
}
